
Microsoft Visual Studio Solution File, Format Version 12.00
# Visual Studio 15
VisualStudioVersion = 15.0.27130.2010
MinimumVisualStudioVersion = 10.0.40219.1
Project("{8BC9CEB8-8B4A-11D0-8D11-00A0C91BC942}") = "PRIME1", "PRIME1\PRIME1.vcxproj", "{0FD7D5E1-4197-41BF-ABC6-305C715A31F1}"
EndProject
Project("{8BC9CEB8-8B4A-11D0-8D11-00A0C91BC942}") = "ADDREV", "ADDREV\ADDREV.vcxproj", "{94675F9B-6F05-41F3-B260-78636D8D6AC8}"
EndProject
Project("{8BC9CEB8-8B4A-11D0-8D11-00A0C91BC942}") = "TOANDFRO", "TOANDFRO\TOANDFRO.vcxproj", "{5708F88E-F8E7-4F57-B9B5-DE85A81F0115}"
EndProject
Project("{8BC9CEB8-8B4A-11D0-8D11-00A0C91BC942}") = "NSTEPS", "NSTEPS\NSTEPS.vcxproj", "{005485D8-215B-4175-BA1B-43588AFB45BA}"
EndProject
Project("{8BC9CEB8-8B4A-11D0-8D11-00A0C91BC942}") = "SMPDIV", "SMPDIV\SMPDIV.vcxproj", "{FD72378D-7BB6-436C-B4D7-0B37750AA8EC}"
EndProject
Project("{8BC9CEB8-8B4A-11D0-8D11-00A0C91BC942}") = "REPROAD", "REPROAD\REPROAD.vcxproj", "{7B66D68A-4458-44F6-89CD-1518FB21B194}"
EndProject
Project("{8BC9CEB8-8B4A-11D0-8D11-00A0C91BC942}") = "CANTON", "CANTON\CANTON.vcxproj", "{688D25FB-98BB-4652-A42C-FBE240322954}"
EndProject
Project("{8BC9CEB8-8B4A-11D0-8D11-00A0C91BC942}") = "QUE1", "QUE1\QUE1.vcxproj", "{9037A544-2C42-4FB5-8F5D-D6A278EEF1DB}"
EndProject
Project("{8BC9CEB8-8B4A-11D0-8D11-00A0C91BC942}") = "PAIRS1", "PAIRS1\PAIRS1.vcxproj", "{623EC827-D5E4-4095-8918-A16C3C16958C}"
EndProject
Project("{8BC9CEB8-8B4A-11D0-8D11-00A0C91BC942}") = "QKP", "QKP\QKP.vcxproj", "{51B4DF73-1822-4B2A-963F-73DD14B89385}"
EndProject
Project("{8BC9CEB8-8B4A-11D0-8D11-00A0C91BC942}") = "SOPHONGPHU", "SOPHONGPHU\SOPHONGPHU.vcxproj", "{40DCF9C2-C2AA-4EE9-AAD6-1C3BDF458637}"
EndProject
Project("{8BC9CEB8-8B4A-11D0-8D11-00A0C91BC942}") = "FIBONACI", "FIBONACI\FIBONACI.vcxproj", "{D9E00DBE-1119-4599-B818-BDA69E244827}"
EndProject
Project("{8BC9CEB8-8B4A-11D0-8D11-00A0C91BC942}") = "TEST", "TEST\TEST.vcxproj", "{62B4BB68-483D-4D00-BDBF-98E78E87ACEF}"
EndProject
Project("{8BC9CEB8-8B4A-11D0-8D11-00A0C91BC942}") = "STPAR", "STPAR\STPAR.vcxproj", "{E18BCB31-0819-4B0D-A8DA-34E6C1BD6488}"
EndProject
Project("{8BC9CEB8-8B4A-11D0-8D11-00A0C91BC942}") = "TSORT", "TSORT\TSORT.vcxproj", "{7AC65A8A-45FD-4CD4-9C2E-C30D56A6AF14}"
EndProject
Project("{8BC9CEB8-8B4A-11D0-8D11-00A0C91BC942}") = "DIV", "DIV\DIV.vcxproj", "{0EFF66C2-D25B-488B-BD0E-ECB6A829A808}"
EndProject
Project("{8BC9CEB8-8B4A-11D0-8D11-00A0C91BC942}") = "PQUEUE", "PQUEUE\PQUEUE.vcxproj", "{971593FD-2BDC-47FD-989C-7DAD8D6DFADC}"
EndProject
Project("{8BC9CEB8-8B4A-11D0-8D11-00A0C91BC942}") = "SODEP", "SODEP\SODEP.vcxproj", "{AA405FCF-59DE-4B58-84D4-1559B78925B6}"
EndProject
Project("{8BC9CEB8-8B4A-11D0-8D11-00A0C91BC942}") = "GUITIEN", "GUITIEN\GUITIEN.vcxproj", "{996B0AC1-D9F0-4140-9BBF-8C1EFADB388A}"
EndProject
Project("{8BC9CEB8-8B4A-11D0-8D11-00A0C91BC942}") = "PITAGO", "PITAGO\PITAGO.vcxproj", "{337314E8-8A3A-441B-B5DC-21C94B1CBB6C}"
EndProject
Project("{8BC9CEB8-8B4A-11D0-8D11-00A0C91BC942}") = "DUONGCHEO", "DUONGCHEO\DUONGCHEO.vcxproj", "{5D9EC8E0-E521-4898-96D5-260C4051188D}"
EndProject
Project("{8BC9CEB8-8B4A-11D0-8D11-00A0C91BC942}") = "NUAMATRAN", "NUAMATRAN\NUAMATRAN.vcxproj", "{CD11C5FF-7547-4E52-85DA-E370FB53D45A}"
EndProject
Project("{8BC9CEB8-8B4A-11D0-8D11-00A0C91BC942}") = "SNT11", "SNT11\SNT11.vcxproj", "{3AFB9BE2-8335-4041-A987-E93BCB42F6C0}"
EndProject
Project("{8BC9CEB8-8B4A-11D0-8D11-00A0C91BC942}") = "MSUBSTR", "MSUBSTR\MSUBSTR.vcxproj", "{07879EBA-397A-46F1-90D1-A718DF2256C0}"
EndProject
Project("{8BC9CEB8-8B4A-11D0-8D11-00A0C91BC942}") = "HYDRO", "HYDRO\HYDRO.vcxproj", "{7CDB49A8-9847-45F8-93E8-1EBD54406A98}"
EndProject
Global
	GlobalSection(SolutionConfigurationPlatforms) = preSolution
		Debug|x64 = Debug|x64
		Debug|x86 = Debug|x86
		Release|x64 = Release|x64
		Release|x86 = Release|x86
	EndGlobalSection
	GlobalSection(ProjectConfigurationPlatforms) = postSolution
		{0FD7D5E1-4197-41BF-ABC6-305C715A31F1}.Debug|x64.ActiveCfg = Debug|x64
		{0FD7D5E1-4197-41BF-ABC6-305C715A31F1}.Debug|x64.Build.0 = Debug|x64
		{0FD7D5E1-4197-41BF-ABC6-305C715A31F1}.Debug|x86.ActiveCfg = Debug|Win32
		{0FD7D5E1-4197-41BF-ABC6-305C715A31F1}.Debug|x86.Build.0 = Debug|Win32
		{0FD7D5E1-4197-41BF-ABC6-305C715A31F1}.Release|x64.ActiveCfg = Release|x64
		{0FD7D5E1-4197-41BF-ABC6-305C715A31F1}.Release|x64.Build.0 = Release|x64
		{0FD7D5E1-4197-41BF-ABC6-305C715A31F1}.Release|x86.ActiveCfg = Release|Win32
		{0FD7D5E1-4197-41BF-ABC6-305C715A31F1}.Release|x86.Build.0 = Release|Win32
		{94675F9B-6F05-41F3-B260-78636D8D6AC8}.Debug|x64.ActiveCfg = Debug|x64
		{94675F9B-6F05-41F3-B260-78636D8D6AC8}.Debug|x64.Build.0 = Debug|x64
		{94675F9B-6F05-41F3-B260-78636D8D6AC8}.Debug|x86.ActiveCfg = Debug|Win32
		{94675F9B-6F05-41F3-B260-78636D8D6AC8}.Debug|x86.Build.0 = Debug|Win32
		{94675F9B-6F05-41F3-B260-78636D8D6AC8}.Release|x64.ActiveCfg = Release|x64
		{94675F9B-6F05-41F3-B260-78636D8D6AC8}.Release|x64.Build.0 = Release|x64
		{94675F9B-6F05-41F3-B260-78636D8D6AC8}.Release|x86.ActiveCfg = Release|Win32
		{94675F9B-6F05-41F3-B260-78636D8D6AC8}.Release|x86.Build.0 = Release|Win32
		{5708F88E-F8E7-4F57-B9B5-DE85A81F0115}.Debug|x64.ActiveCfg = Debug|x64
		{5708F88E-F8E7-4F57-B9B5-DE85A81F0115}.Debug|x64.Build.0 = Debug|x64
		{5708F88E-F8E7-4F57-B9B5-DE85A81F0115}.Debug|x86.ActiveCfg = Debug|Win32
		{5708F88E-F8E7-4F57-B9B5-DE85A81F0115}.Debug|x86.Build.0 = Debug|Win32
		{5708F88E-F8E7-4F57-B9B5-DE85A81F0115}.Release|x64.ActiveCfg = Release|x64
		{5708F88E-F8E7-4F57-B9B5-DE85A81F0115}.Release|x64.Build.0 = Release|x64
		{5708F88E-F8E7-4F57-B9B5-DE85A81F0115}.Release|x86.ActiveCfg = Release|Win32
		{5708F88E-F8E7-4F57-B9B5-DE85A81F0115}.Release|x86.Build.0 = Release|Win32
		{005485D8-215B-4175-BA1B-43588AFB45BA}.Debug|x64.ActiveCfg = Debug|x64
		{005485D8-215B-4175-BA1B-43588AFB45BA}.Debug|x64.Build.0 = Debug|x64
		{005485D8-215B-4175-BA1B-43588AFB45BA}.Debug|x86.ActiveCfg = Debug|Win32
		{005485D8-215B-4175-BA1B-43588AFB45BA}.Debug|x86.Build.0 = Debug|Win32
		{005485D8-215B-4175-BA1B-43588AFB45BA}.Release|x64.ActiveCfg = Release|x64
		{005485D8-215B-4175-BA1B-43588AFB45BA}.Release|x64.Build.0 = Release|x64
		{005485D8-215B-4175-BA1B-43588AFB45BA}.Release|x86.ActiveCfg = Release|Win32
		{005485D8-215B-4175-BA1B-43588AFB45BA}.Release|x86.Build.0 = Release|Win32
		{FD72378D-7BB6-436C-B4D7-0B37750AA8EC}.Debug|x64.ActiveCfg = Debug|x64
		{FD72378D-7BB6-436C-B4D7-0B37750AA8EC}.Debug|x64.Build.0 = Debug|x64
		{FD72378D-7BB6-436C-B4D7-0B37750AA8EC}.Debug|x86.ActiveCfg = Debug|Win32
		{FD72378D-7BB6-436C-B4D7-0B37750AA8EC}.Debug|x86.Build.0 = Debug|Win32
		{FD72378D-7BB6-436C-B4D7-0B37750AA8EC}.Release|x64.ActiveCfg = Release|x64
		{FD72378D-7BB6-436C-B4D7-0B37750AA8EC}.Release|x64.Build.0 = Release|x64
		{FD72378D-7BB6-436C-B4D7-0B37750AA8EC}.Release|x86.ActiveCfg = Release|Win32
		{FD72378D-7BB6-436C-B4D7-0B37750AA8EC}.Release|x86.Build.0 = Release|Win32
		{7B66D68A-4458-44F6-89CD-1518FB21B194}.Debug|x64.ActiveCfg = Debug|x64
		{7B66D68A-4458-44F6-89CD-1518FB21B194}.Debug|x64.Build.0 = Debug|x64
		{7B66D68A-4458-44F6-89CD-1518FB21B194}.Debug|x86.ActiveCfg = Debug|Win32
		{7B66D68A-4458-44F6-89CD-1518FB21B194}.Debug|x86.Build.0 = Debug|Win32
		{7B66D68A-4458-44F6-89CD-1518FB21B194}.Release|x64.ActiveCfg = Release|x64
		{7B66D68A-4458-44F6-89CD-1518FB21B194}.Release|x64.Build.0 = Release|x64
		{7B66D68A-4458-44F6-89CD-1518FB21B194}.Release|x86.ActiveCfg = Release|Win32
		{7B66D68A-4458-44F6-89CD-1518FB21B194}.Release|x86.Build.0 = Release|Win32
		{688D25FB-98BB-4652-A42C-FBE240322954}.Debug|x64.ActiveCfg = Debug|x64
		{688D25FB-98BB-4652-A42C-FBE240322954}.Debug|x64.Build.0 = Debug|x64
		{688D25FB-98BB-4652-A42C-FBE240322954}.Debug|x86.ActiveCfg = Debug|Win32
		{688D25FB-98BB-4652-A42C-FBE240322954}.Debug|x86.Build.0 = Debug|Win32
		{688D25FB-98BB-4652-A42C-FBE240322954}.Release|x64.ActiveCfg = Release|x64
		{688D25FB-98BB-4652-A42C-FBE240322954}.Release|x64.Build.0 = Release|x64
		{688D25FB-98BB-4652-A42C-FBE240322954}.Release|x86.ActiveCfg = Release|Win32
		{688D25FB-98BB-4652-A42C-FBE240322954}.Release|x86.Build.0 = Release|Win32
		{9037A544-2C42-4FB5-8F5D-D6A278EEF1DB}.Debug|x64.ActiveCfg = Debug|x64
		{9037A544-2C42-4FB5-8F5D-D6A278EEF1DB}.Debug|x64.Build.0 = Debug|x64
		{9037A544-2C42-4FB5-8F5D-D6A278EEF1DB}.Debug|x86.ActiveCfg = Debug|Win32
		{9037A544-2C42-4FB5-8F5D-D6A278EEF1DB}.Debug|x86.Build.0 = Debug|Win32
		{9037A544-2C42-4FB5-8F5D-D6A278EEF1DB}.Release|x64.ActiveCfg = Release|x64
		{9037A544-2C42-4FB5-8F5D-D6A278EEF1DB}.Release|x64.Build.0 = Release|x64
		{9037A544-2C42-4FB5-8F5D-D6A278EEF1DB}.Release|x86.ActiveCfg = Release|Win32
		{9037A544-2C42-4FB5-8F5D-D6A278EEF1DB}.Release|x86.Build.0 = Release|Win32
		{623EC827-D5E4-4095-8918-A16C3C16958C}.Debug|x64.ActiveCfg = Debug|x64
		{623EC827-D5E4-4095-8918-A16C3C16958C}.Debug|x64.Build.0 = Debug|x64
		{623EC827-D5E4-4095-8918-A16C3C16958C}.Debug|x86.ActiveCfg = Debug|Win32
		{623EC827-D5E4-4095-8918-A16C3C16958C}.Debug|x86.Build.0 = Debug|Win32
		{623EC827-D5E4-4095-8918-A16C3C16958C}.Release|x64.ActiveCfg = Release|x64
		{623EC827-D5E4-4095-8918-A16C3C16958C}.Release|x64.Build.0 = Release|x64
		{623EC827-D5E4-4095-8918-A16C3C16958C}.Release|x86.ActiveCfg = Release|Win32
		{623EC827-D5E4-4095-8918-A16C3C16958C}.Release|x86.Build.0 = Release|Win32
		{51B4DF73-1822-4B2A-963F-73DD14B89385}.Debug|x64.ActiveCfg = Debug|x64
		{51B4DF73-1822-4B2A-963F-73DD14B89385}.Debug|x64.Build.0 = Debug|x64
		{51B4DF73-1822-4B2A-963F-73DD14B89385}.Debug|x86.ActiveCfg = Debug|Win32
		{51B4DF73-1822-4B2A-963F-73DD14B89385}.Debug|x86.Build.0 = Debug|Win32
		{51B4DF73-1822-4B2A-963F-73DD14B89385}.Release|x64.ActiveCfg = Release|x64
		{51B4DF73-1822-4B2A-963F-73DD14B89385}.Release|x64.Build.0 = Release|x64
		{51B4DF73-1822-4B2A-963F-73DD14B89385}.Release|x86.ActiveCfg = Release|Win32
		{51B4DF73-1822-4B2A-963F-73DD14B89385}.Release|x86.Build.0 = Release|Win32
		{40DCF9C2-C2AA-4EE9-AAD6-1C3BDF458637}.Debug|x64.ActiveCfg = Debug|x64
		{40DCF9C2-C2AA-4EE9-AAD6-1C3BDF458637}.Debug|x64.Build.0 = Debug|x64
		{40DCF9C2-C2AA-4EE9-AAD6-1C3BDF458637}.Debug|x86.ActiveCfg = Debug|Win32
		{40DCF9C2-C2AA-4EE9-AAD6-1C3BDF458637}.Debug|x86.Build.0 = Debug|Win32
		{40DCF9C2-C2AA-4EE9-AAD6-1C3BDF458637}.Release|x64.ActiveCfg = Release|x64
		{40DCF9C2-C2AA-4EE9-AAD6-1C3BDF458637}.Release|x64.Build.0 = Release|x64
		{40DCF9C2-C2AA-4EE9-AAD6-1C3BDF458637}.Release|x86.ActiveCfg = Release|Win32
		{40DCF9C2-C2AA-4EE9-AAD6-1C3BDF458637}.Release|x86.Build.0 = Release|Win32
		{D9E00DBE-1119-4599-B818-BDA69E244827}.Debug|x64.ActiveCfg = Debug|x64
		{D9E00DBE-1119-4599-B818-BDA69E244827}.Debug|x64.Build.0 = Debug|x64
		{D9E00DBE-1119-4599-B818-BDA69E244827}.Debug|x86.ActiveCfg = Debug|Win32
		{D9E00DBE-1119-4599-B818-BDA69E244827}.Debug|x86.Build.0 = Debug|Win32
		{D9E00DBE-1119-4599-B818-BDA69E244827}.Release|x64.ActiveCfg = Release|x64
		{D9E00DBE-1119-4599-B818-BDA69E244827}.Release|x64.Build.0 = Release|x64
		{D9E00DBE-1119-4599-B818-BDA69E244827}.Release|x86.ActiveCfg = Release|Win32
		{D9E00DBE-1119-4599-B818-BDA69E244827}.Release|x86.Build.0 = Release|Win32
		{62B4BB68-483D-4D00-BDBF-98E78E87ACEF}.Debug|x64.ActiveCfg = Debug|x64
		{62B4BB68-483D-4D00-BDBF-98E78E87ACEF}.Debug|x64.Build.0 = Debug|x64
		{62B4BB68-483D-4D00-BDBF-98E78E87ACEF}.Debug|x86.ActiveCfg = Debug|Win32
		{62B4BB68-483D-4D00-BDBF-98E78E87ACEF}.Debug|x86.Build.0 = Debug|Win32
		{62B4BB68-483D-4D00-BDBF-98E78E87ACEF}.Release|x64.ActiveCfg = Release|x64
		{62B4BB68-483D-4D00-BDBF-98E78E87ACEF}.Release|x64.Build.0 = Release|x64
		{62B4BB68-483D-4D00-BDBF-98E78E87ACEF}.Release|x86.ActiveCfg = Release|Win32
		{62B4BB68-483D-4D00-BDBF-98E78E87ACEF}.Release|x86.Build.0 = Release|Win32
		{E18BCB31-0819-4B0D-A8DA-34E6C1BD6488}.Debug|x64.ActiveCfg = Debug|x64
		{E18BCB31-0819-4B0D-A8DA-34E6C1BD6488}.Debug|x64.Build.0 = Debug|x64
		{E18BCB31-0819-4B0D-A8DA-34E6C1BD6488}.Debug|x86.ActiveCfg = Debug|Win32
		{E18BCB31-0819-4B0D-A8DA-34E6C1BD6488}.Debug|x86.Build.0 = Debug|Win32
		{E18BCB31-0819-4B0D-A8DA-34E6C1BD6488}.Release|x64.ActiveCfg = Release|x64
		{E18BCB31-0819-4B0D-A8DA-34E6C1BD6488}.Release|x64.Build.0 = Release|x64
		{E18BCB31-0819-4B0D-A8DA-34E6C1BD6488}.Release|x86.ActiveCfg = Release|Win32
		{E18BCB31-0819-4B0D-A8DA-34E6C1BD6488}.Release|x86.Build.0 = Release|Win32
		{7AC65A8A-45FD-4CD4-9C2E-C30D56A6AF14}.Debug|x64.ActiveCfg = Debug|x64
		{7AC65A8A-45FD-4CD4-9C2E-C30D56A6AF14}.Debug|x64.Build.0 = Debug|x64
		{7AC65A8A-45FD-4CD4-9C2E-C30D56A6AF14}.Debug|x86.ActiveCfg = Debug|Win32
		{7AC65A8A-45FD-4CD4-9C2E-C30D56A6AF14}.Debug|x86.Build.0 = Debug|Win32
		{7AC65A8A-45FD-4CD4-9C2E-C30D56A6AF14}.Release|x64.ActiveCfg = Release|x64
		{7AC65A8A-45FD-4CD4-9C2E-C30D56A6AF14}.Release|x64.Build.0 = Release|x64
		{7AC65A8A-45FD-4CD4-9C2E-C30D56A6AF14}.Release|x86.ActiveCfg = Release|Win32
		{7AC65A8A-45FD-4CD4-9C2E-C30D56A6AF14}.Release|x86.Build.0 = Release|Win32
		{0EFF66C2-D25B-488B-BD0E-ECB6A829A808}.Debug|x64.ActiveCfg = Debug|x64
		{0EFF66C2-D25B-488B-BD0E-ECB6A829A808}.Debug|x64.Build.0 = Debug|x64
		{0EFF66C2-D25B-488B-BD0E-ECB6A829A808}.Debug|x86.ActiveCfg = Debug|Win32
		{0EFF66C2-D25B-488B-BD0E-ECB6A829A808}.Debug|x86.Build.0 = Debug|Win32
		{0EFF66C2-D25B-488B-BD0E-ECB6A829A808}.Release|x64.ActiveCfg = Release|x64
		{0EFF66C2-D25B-488B-BD0E-ECB6A829A808}.Release|x64.Build.0 = Release|x64
		{0EFF66C2-D25B-488B-BD0E-ECB6A829A808}.Release|x86.ActiveCfg = Release|Win32
		{0EFF66C2-D25B-488B-BD0E-ECB6A829A808}.Release|x86.Build.0 = Release|Win32
		{971593FD-2BDC-47FD-989C-7DAD8D6DFADC}.Debug|x64.ActiveCfg = Debug|x64
		{971593FD-2BDC-47FD-989C-7DAD8D6DFADC}.Debug|x64.Build.0 = Debug|x64
		{971593FD-2BDC-47FD-989C-7DAD8D6DFADC}.Debug|x86.ActiveCfg = Debug|Win32
		{971593FD-2BDC-47FD-989C-7DAD8D6DFADC}.Debug|x86.Build.0 = Debug|Win32
		{971593FD-2BDC-47FD-989C-7DAD8D6DFADC}.Release|x64.ActiveCfg = Release|x64
		{971593FD-2BDC-47FD-989C-7DAD8D6DFADC}.Release|x64.Build.0 = Release|x64
		{971593FD-2BDC-47FD-989C-7DAD8D6DFADC}.Release|x86.ActiveCfg = Release|Win32
		{971593FD-2BDC-47FD-989C-7DAD8D6DFADC}.Release|x86.Build.0 = Release|Win32
		{AA405FCF-59DE-4B58-84D4-1559B78925B6}.Debug|x64.ActiveCfg = Debug|x64
		{AA405FCF-59DE-4B58-84D4-1559B78925B6}.Debug|x64.Build.0 = Debug|x64
		{AA405FCF-59DE-4B58-84D4-1559B78925B6}.Debug|x86.ActiveCfg = Debug|Win32
		{AA405FCF-59DE-4B58-84D4-1559B78925B6}.Debug|x86.Build.0 = Debug|Win32
		{AA405FCF-59DE-4B58-84D4-1559B78925B6}.Release|x64.ActiveCfg = Release|x64
		{AA405FCF-59DE-4B58-84D4-1559B78925B6}.Release|x64.Build.0 = Release|x64
		{AA405FCF-59DE-4B58-84D4-1559B78925B6}.Release|x86.ActiveCfg = Release|Win32
		{AA405FCF-59DE-4B58-84D4-1559B78925B6}.Release|x86.Build.0 = Release|Win32
		{996B0AC1-D9F0-4140-9BBF-8C1EFADB388A}.Debug|x64.ActiveCfg = Debug|x64
		{996B0AC1-D9F0-4140-9BBF-8C1EFADB388A}.Debug|x64.Build.0 = Debug|x64
		{996B0AC1-D9F0-4140-9BBF-8C1EFADB388A}.Debug|x86.ActiveCfg = Debug|Win32
		{996B0AC1-D9F0-4140-9BBF-8C1EFADB388A}.Debug|x86.Build.0 = Debug|Win32
		{996B0AC1-D9F0-4140-9BBF-8C1EFADB388A}.Release|x64.ActiveCfg = Release|x64
		{996B0AC1-D9F0-4140-9BBF-8C1EFADB388A}.Release|x64.Build.0 = Release|x64
		{996B0AC1-D9F0-4140-9BBF-8C1EFADB388A}.Release|x86.ActiveCfg = Release|Win32
		{996B0AC1-D9F0-4140-9BBF-8C1EFADB388A}.Release|x86.Build.0 = Release|Win32
		{337314E8-8A3A-441B-B5DC-21C94B1CBB6C}.Debug|x64.ActiveCfg = Debug|x64
		{337314E8-8A3A-441B-B5DC-21C94B1CBB6C}.Debug|x64.Build.0 = Debug|x64
		{337314E8-8A3A-441B-B5DC-21C94B1CBB6C}.Debug|x86.ActiveCfg = Debug|Win32
		{337314E8-8A3A-441B-B5DC-21C94B1CBB6C}.Debug|x86.Build.0 = Debug|Win32
		{337314E8-8A3A-441B-B5DC-21C94B1CBB6C}.Release|x64.ActiveCfg = Release|x64
		{337314E8-8A3A-441B-B5DC-21C94B1CBB6C}.Release|x64.Build.0 = Release|x64
		{337314E8-8A3A-441B-B5DC-21C94B1CBB6C}.Release|x86.ActiveCfg = Release|Win32
		{337314E8-8A3A-441B-B5DC-21C94B1CBB6C}.Release|x86.Build.0 = Release|Win32
		{5D9EC8E0-E521-4898-96D5-260C4051188D}.Debug|x64.ActiveCfg = Debug|x64
		{5D9EC8E0-E521-4898-96D5-260C4051188D}.Debug|x64.Build.0 = Debug|x64
		{5D9EC8E0-E521-4898-96D5-260C4051188D}.Debug|x86.ActiveCfg = Debug|Win32
		{5D9EC8E0-E521-4898-96D5-260C4051188D}.Debug|x86.Build.0 = Debug|Win32
		{5D9EC8E0-E521-4898-96D5-260C4051188D}.Release|x64.ActiveCfg = Release|x64
		{5D9EC8E0-E521-4898-96D5-260C4051188D}.Release|x64.Build.0 = Release|x64
		{5D9EC8E0-E521-4898-96D5-260C4051188D}.Release|x86.ActiveCfg = Release|Win32
		{5D9EC8E0-E521-4898-96D5-260C4051188D}.Release|x86.Build.0 = Release|Win32
		{CD11C5FF-7547-4E52-85DA-E370FB53D45A}.Debug|x64.ActiveCfg = Debug|x64
		{CD11C5FF-7547-4E52-85DA-E370FB53D45A}.Debug|x64.Build.0 = Debug|x64
		{CD11C5FF-7547-4E52-85DA-E370FB53D45A}.Debug|x86.ActiveCfg = Debug|Win32
		{CD11C5FF-7547-4E52-85DA-E370FB53D45A}.Debug|x86.Build.0 = Debug|Win32
		{CD11C5FF-7547-4E52-85DA-E370FB53D45A}.Release|x64.ActiveCfg = Release|x64
		{CD11C5FF-7547-4E52-85DA-E370FB53D45A}.Release|x64.Build.0 = Release|x64
		{CD11C5FF-7547-4E52-85DA-E370FB53D45A}.Release|x86.ActiveCfg = Release|Win32
		{CD11C5FF-7547-4E52-85DA-E370FB53D45A}.Release|x86.Build.0 = Release|Win32
		{3AFB9BE2-8335-4041-A987-E93BCB42F6C0}.Debug|x64.ActiveCfg = Debug|x64
		{3AFB9BE2-8335-4041-A987-E93BCB42F6C0}.Debug|x64.Build.0 = Debug|x64
		{3AFB9BE2-8335-4041-A987-E93BCB42F6C0}.Debug|x86.ActiveCfg = Debug|Win32
		{3AFB9BE2-8335-4041-A987-E93BCB42F6C0}.Debug|x86.Build.0 = Debug|Win32
		{3AFB9BE2-8335-4041-A987-E93BCB42F6C0}.Release|x64.ActiveCfg = Release|x64
		{3AFB9BE2-8335-4041-A987-E93BCB42F6C0}.Release|x64.Build.0 = Release|x64
		{3AFB9BE2-8335-4041-A987-E93BCB42F6C0}.Release|x86.ActiveCfg = Release|Win32
		{3AFB9BE2-8335-4041-A987-E93BCB42F6C0}.Release|x86.Build.0 = Release|Win32
		{07879EBA-397A-46F1-90D1-A718DF2256C0}.Debug|x64.ActiveCfg = Debug|x64
		{07879EBA-397A-46F1-90D1-A718DF2256C0}.Debug|x64.Build.0 = Debug|x64
		{07879EBA-397A-46F1-90D1-A718DF2256C0}.Debug|x86.ActiveCfg = Debug|Win32
		{07879EBA-397A-46F1-90D1-A718DF2256C0}.Debug|x86.Build.0 = Debug|Win32
		{07879EBA-397A-46F1-90D1-A718DF2256C0}.Release|x64.ActiveCfg = Release|x64
		{07879EBA-397A-46F1-90D1-A718DF2256C0}.Release|x64.Build.0 = Release|x64
		{07879EBA-397A-46F1-90D1-A718DF2256C0}.Release|x86.ActiveCfg = Release|Win32
		{07879EBA-397A-46F1-90D1-A718DF2256C0}.Release|x86.Build.0 = Release|Win32
		{7CDB49A8-9847-45F8-93E8-1EBD54406A98}.Debug|x64.ActiveCfg = Debug|x64
		{7CDB49A8-9847-45F8-93E8-1EBD54406A98}.Debug|x64.Build.0 = Debug|x64
		{7CDB49A8-9847-45F8-93E8-1EBD54406A98}.Debug|x86.ActiveCfg = Debug|Win32
		{7CDB49A8-9847-45F8-93E8-1EBD54406A98}.Debug|x86.Build.0 = Debug|Win32
		{7CDB49A8-9847-45F8-93E8-1EBD54406A98}.Release|x64.ActiveCfg = Release|x64
		{7CDB49A8-9847-45F8-93E8-1EBD54406A98}.Release|x64.Build.0 = Release|x64
		{7CDB49A8-9847-45F8-93E8-1EBD54406A98}.Release|x86.ActiveCfg = Release|Win32
		{7CDB49A8-9847-45F8-93E8-1EBD54406A98}.Release|x86.Build.0 = Release|Win32
	EndGlobalSection
	GlobalSection(SolutionProperties) = preSolution
		HideSolutionNode = FALSE
	EndGlobalSection
	GlobalSection(ExtensibilityGlobals) = postSolution
		SolutionGuid = {B9508861-950B-4205-97F4-C593A69CC89E}
	EndGlobalSection
EndGlobal
